
Microsoft Visual Studio Solution File, Format Version 12.00
Project("{FAE04EC0-301F-11D3-BF4B-00C04F79EFBC}") = "OsmToGeoJSON", "OsmToGeoJSON\OsmToGeoJSON.csproj", "{2040005F-9EC5-4DF9-9D34-E345295AADFE}"
EndProject
Project("{FAE04EC0-301F-11D3-BF4B-00C04F79EFBC}") = "OsmToGeoJSON.Tests", "OsmToGeoJSON.Tests\OsmToGeoJSON.Tests.csproj", "{0D75AEEF-15FF-45E3-8AEF-616AC240FD87}"
EndProject
Global
	GlobalSection(SolutionConfigurationPlatforms) = preSolution
		Debug|Any CPU = Debug|Any CPU
		Release|Any CPU = Release|Any CPU
	EndGlobalSection
	GlobalSection(ProjectConfigurationPlatforms) = postSolution
		{2040005F-9EC5-4DF9-9D34-E345295AADFE}.Debug|Any CPU.ActiveCfg = Debug|Any CPU
		{2040005F-9EC5-4DF9-9D34-E345295AADFE}.Debug|Any CPU.Build.0 = Debug|Any CPU
		{2040005F-9EC5-4DF9-9D34-E345295AADFE}.Release|Any CPU.ActiveCfg = Release|Any CPU
		{2040005F-9EC5-4DF9-9D34-E345295AADFE}.Release|Any CPU.Build.0 = Release|Any CPU
		{0D75AEEF-15FF-45E3-8AEF-616AC240FD87}.Debug|Any CPU.ActiveCfg = Debug|Any CPU
		{0D75AEEF-15FF-45E3-8AEF-616AC240FD87}.Debug|Any CPU.Build.0 = Debug|Any CPU
		{0D75AEEF-15FF-45E3-8AEF-616AC240FD87}.Release|Any CPU.ActiveCfg = Release|Any CPU
		{0D75AEEF-15FF-45E3-8AEF-616AC240FD87}.Release|Any CPU.Build.0 = Release|Any CPU
	EndGlobalSection
EndGlobal
